
Microsoft Visual Studio Solution File, Format Version 12.00
# Visual Studio Version 17
VisualStudioVersion = 17.0.31912.275
MinimumVisualStudioVersion = 10.0.40219.1
Project("{9A19103F-16F7-4668-BE54-9A1E7A4F7556}") = "Einfuehrung", "Einfuehrung\Einfuehrung.csproj", "{D82F2288-ECC7-478C-B528-604721341AFB}"
EndProject
Project("{2150E333-8FDC-42A3-9474-1A3956D46DE8}") = "Übungen", "Übungen", "{FD67AA57-6B1C-4006-9E6A-5DA443DDF38C}"
EndProject
Project("{9A19103F-16F7-4668-BE54-9A1E7A4F7556}") = "Autovermietung", "Autovermietung\Autovermietung.csproj", "{2DDFE0BC-8CFF-4079-8777-3D02409F50BC}"
EndProject
Project("{9A19103F-16F7-4668-BE54-9A1E7A4F7556}") = "BMI", "BMI\BMI.csproj", "{4F5411C5-493F-467A-85B0-3FE9F2B48D0E}"
EndProject
Project("{9A19103F-16F7-4668-BE54-9A1E7A4F7556}") = "Durchschnitt", "Durchschnitt\Durchschnitt.csproj", "{4E0F575C-312C-46F0-B7B2-75EFF84898B3}"
EndProject
Project("{9A19103F-16F7-4668-BE54-9A1E7A4F7556}") = "TicTacToe", "TicTacToe\TicTacToe.csproj", "{7691222E-4C13-4B6C-AA23-BD9E29D5832D}"
EndProject
Project("{2150E333-8FDC-42A3-9474-1A3956D46DE8}") = "Themen", "Themen", "{448EC653-3406-4594-9E93-503AAF3D1436}"
EndProject
Project("{9A19103F-16F7-4668-BE54-9A1E7A4F7556}") = "Energieverbrauch", "Energieverbrauch\Energieverbrauch.csproj", "{5E6CC129-F85A-4999-9380-0DBC37812F84}"
EndProject
Project("{9A19103F-16F7-4668-BE54-9A1E7A4F7556}") = "Passwort", "Passwort\Passwort.csproj", "{96C48CAD-5F64-428C-978F-FE8CAF2BF91C}"
EndProject
Project("{9A19103F-16F7-4668-BE54-9A1E7A4F7556}") = "Methoden", "Methoden\Methoden.csproj", "{2CF6B079-4148-4FB6-B124-69B7EA17509F}"
EndProject
Project("{FAE04EC0-301F-11D3-BF4B-00C04F79EFBC}") = "MeinErstesWinFormsFenster", "MeinErstesWinFormsFenster\MeinErstesWinFormsFenster.csproj", "{76BE57BA-CE31-43B2-8C52-488D361A8C71}"
EndProject
Project("{FAE04EC0-301F-11D3-BF4B-00C04F79EFBC}") = "MeineErsteWinFormsApp", "MeineErsteWinFormsApp\MeineErsteWinFormsApp.csproj", "{50195041-B4D9-472C-80CC-71F2FB3E2EA1}"
EndProject
Project("{FAE04EC0-301F-11D3-BF4B-00C04F79EFBC}") = "WindowsAddierer", "WindowsAddierer\WindowsAddierer.csproj", "{D55ED541-CD67-42F6-87B5-09CC24284DF2}"
EndProject
Project("{FAE04EC0-301F-11D3-BF4B-00C04F79EFBC}") = "Steuerelemente", "Steuerelemente\Steuerelemente.csproj", "{3E96D035-4A31-4A6F-9396-96DCBB67C2B4}"
EndProject
Project("{FAE04EC0-301F-11D3-BF4B-00C04F79EFBC}") = "Klassen", "Klassen\Klassen.csproj", "{4F20E90D-8292-469F-845B-69865679B6D7}"
EndProject
Project("{9A19103F-16F7-4668-BE54-9A1E7A4F7556}") = "CSharpDoom", "CSharpDoom\CSharpDoom.csproj", "{27AC2A01-395F-4D67-A7FF-6110231CC40B}"
EndProject
Project("{FAE04EC0-301F-11D3-BF4B-00C04F79EFBC}") = "Heizungsanlage", "Heizungsanlage\Heizungsanlage.csproj", "{93EBCDD3-8E94-48C7-99D2-531EB14200E5}"
EndProject
Project("{9A19103F-16F7-4668-BE54-9A1E7A4F7556}") = "Referenz Heap Stack", "Referenz Heap Stack\Referenz Heap Stack.csproj", "{6B79F843-67EA-4F08-8EAB-B1D6E28767A2}"
EndProject
Project("{9A19103F-16F7-4668-BE54-9A1E7A4F7556}") = "MethodenÜberladung", "MethodenÜberladung\MethodenÜberladung.csproj", "{A8EFB7C6-FE2E-4E82-BAC6-C3E4FC89D5BA}"
EndProject
Project("{9A19103F-16F7-4668-BE54-9A1E7A4F7556}") = "Konstruktoren", "Konstruktoren\Konstruktoren.csproj", "{B7DFFF14-E839-40A0-85D6-415340A355A6}"
EndProject
Project("{9A19103F-16F7-4668-BE54-9A1E7A4F7556}") = "bennanteMethode", "bennanteMethode\bennanteMethode.csproj", "{0352B167-F155-494E-AABC-26A12AE8E59B}"
EndProject
Project("{9A19103F-16F7-4668-BE54-9A1E7A4F7556}") = "IPAdressen", "IPAdressen\IPAdressen.csproj", "{DEDB2A79-2153-4E4C-8AB9-A77A3D917056}"
EndProject
Project("{9A19103F-16F7-4668-BE54-9A1E7A4F7556}") = "StatischeKlassen", "StatischeKlassen\StatischeKlassen.csproj", "{A9C57093-2C5F-428D-8C41-AA3AB89BE0D5}"
EndProject
Project("{2150E333-8FDC-42A3-9474-1A3956D46DE8}") = "SE-Grundlagen", "SE-Grundlagen", "{AD1BBFF6-7D3F-4284-9942-CAA4293AF005}"
EndProject
Project("{2150E333-8FDC-42A3-9474-1A3956D46DE8}") = "SE-Vertiefung", "SE-Vertiefung", "{B48566AF-A0CF-4308-B901-27FA10C558B7}"
EndProject
Project("{2150E333-8FDC-42A3-9474-1A3956D46DE8}") = "UML", "UML", "{B17E1469-A3E7-45CC-8288-F6FBDE3A0CBC}"
EndProject
Project("{FAE04EC0-301F-11D3-BF4B-00C04F79EFBC}") = "Klassendiagramm", "Klassendiagramm\Klassendiagramm.csproj", "{3650FC66-1CAA-4585-9D28-B03E0A59C806}"
EndProject
Global
	GlobalSection(SolutionConfigurationPlatforms) = preSolution
		Debug|Any CPU = Debug|Any CPU
		Release|Any CPU = Release|Any CPU
	EndGlobalSection
	GlobalSection(ProjectConfigurationPlatforms) = postSolution
		{D82F2288-ECC7-478C-B528-604721341AFB}.Debug|Any CPU.ActiveCfg = Debug|Any CPU
		{D82F2288-ECC7-478C-B528-604721341AFB}.Debug|Any CPU.Build.0 = Debug|Any CPU
		{D82F2288-ECC7-478C-B528-604721341AFB}.Release|Any CPU.ActiveCfg = Release|Any CPU
		{D82F2288-ECC7-478C-B528-604721341AFB}.Release|Any CPU.Build.0 = Release|Any CPU
		{2DDFE0BC-8CFF-4079-8777-3D02409F50BC}.Debug|Any CPU.ActiveCfg = Debug|Any CPU
		{2DDFE0BC-8CFF-4079-8777-3D02409F50BC}.Debug|Any CPU.Build.0 = Debug|Any CPU
		{2DDFE0BC-8CFF-4079-8777-3D02409F50BC}.Release|Any CPU.ActiveCfg = Release|Any CPU
		{2DDFE0BC-8CFF-4079-8777-3D02409F50BC}.Release|Any CPU.Build.0 = Release|Any CPU
		{4F5411C5-493F-467A-85B0-3FE9F2B48D0E}.Debug|Any CPU.ActiveCfg = Debug|Any CPU
		{4F5411C5-493F-467A-85B0-3FE9F2B48D0E}.Debug|Any CPU.Build.0 = Debug|Any CPU
		{4F5411C5-493F-467A-85B0-3FE9F2B48D0E}.Release|Any CPU.ActiveCfg = Release|Any CPU
		{4F5411C5-493F-467A-85B0-3FE9F2B48D0E}.Release|Any CPU.Build.0 = Release|Any CPU
		{4E0F575C-312C-46F0-B7B2-75EFF84898B3}.Debug|Any CPU.ActiveCfg = Debug|Any CPU
		{4E0F575C-312C-46F0-B7B2-75EFF84898B3}.Debug|Any CPU.Build.0 = Debug|Any CPU
		{4E0F575C-312C-46F0-B7B2-75EFF84898B3}.Release|Any CPU.ActiveCfg = Release|Any CPU
		{4E0F575C-312C-46F0-B7B2-75EFF84898B3}.Release|Any CPU.Build.0 = Release|Any CPU
		{7691222E-4C13-4B6C-AA23-BD9E29D5832D}.Debug|Any CPU.ActiveCfg = Debug|Any CPU
		{7691222E-4C13-4B6C-AA23-BD9E29D5832D}.Debug|Any CPU.Build.0 = Debug|Any CPU
		{7691222E-4C13-4B6C-AA23-BD9E29D5832D}.Release|Any CPU.ActiveCfg = Release|Any CPU
		{7691222E-4C13-4B6C-AA23-BD9E29D5832D}.Release|Any CPU.Build.0 = Release|Any CPU
		{5E6CC129-F85A-4999-9380-0DBC37812F84}.Debug|Any CPU.ActiveCfg = Debug|Any CPU
		{5E6CC129-F85A-4999-9380-0DBC37812F84}.Debug|Any CPU.Build.0 = Debug|Any CPU
		{5E6CC129-F85A-4999-9380-0DBC37812F84}.Release|Any CPU.ActiveCfg = Release|Any CPU
		{5E6CC129-F85A-4999-9380-0DBC37812F84}.Release|Any CPU.Build.0 = Release|Any CPU
		{96C48CAD-5F64-428C-978F-FE8CAF2BF91C}.Debug|Any CPU.ActiveCfg = Debug|Any CPU
		{96C48CAD-5F64-428C-978F-FE8CAF2BF91C}.Debug|Any CPU.Build.0 = Debug|Any CPU
		{96C48CAD-5F64-428C-978F-FE8CAF2BF91C}.Release|Any CPU.ActiveCfg = Release|Any CPU
		{96C48CAD-5F64-428C-978F-FE8CAF2BF91C}.Release|Any CPU.Build.0 = Release|Any CPU
		{2CF6B079-4148-4FB6-B124-69B7EA17509F}.Debug|Any CPU.ActiveCfg = Debug|Any CPU
		{2CF6B079-4148-4FB6-B124-69B7EA17509F}.Debug|Any CPU.Build.0 = Debug|Any CPU
		{2CF6B079-4148-4FB6-B124-69B7EA17509F}.Release|Any CPU.ActiveCfg = Release|Any CPU
		{2CF6B079-4148-4FB6-B124-69B7EA17509F}.Release|Any CPU.Build.0 = Release|Any CPU
		{76BE57BA-CE31-43B2-8C52-488D361A8C71}.Debug|Any CPU.ActiveCfg = Debug|Any CPU
		{76BE57BA-CE31-43B2-8C52-488D361A8C71}.Debug|Any CPU.Build.0 = Debug|Any CPU
		{76BE57BA-CE31-43B2-8C52-488D361A8C71}.Release|Any CPU.ActiveCfg = Release|Any CPU
		{76BE57BA-CE31-43B2-8C52-488D361A8C71}.Release|Any CPU.Build.0 = Release|Any CPU
		{50195041-B4D9-472C-80CC-71F2FB3E2EA1}.Debug|Any CPU.ActiveCfg = Debug|Any CPU
		{50195041-B4D9-472C-80CC-71F2FB3E2EA1}.Debug|Any CPU.Build.0 = Debug|Any CPU
		{50195041-B4D9-472C-80CC-71F2FB3E2EA1}.Release|Any CPU.ActiveCfg = Release|Any CPU
		{50195041-B4D9-472C-80CC-71F2FB3E2EA1}.Release|Any CPU.Build.0 = Release|Any CPU
		{D55ED541-CD67-42F6-87B5-09CC24284DF2}.Debug|Any CPU.ActiveCfg = Debug|Any CPU
		{D55ED541-CD67-42F6-87B5-09CC24284DF2}.Debug|Any CPU.Build.0 = Debug|Any CPU
		{D55ED541-CD67-42F6-87B5-09CC24284DF2}.Release|Any CPU.ActiveCfg = Release|Any CPU
		{D55ED541-CD67-42F6-87B5-09CC24284DF2}.Release|Any CPU.Build.0 = Release|Any CPU
		{3E96D035-4A31-4A6F-9396-96DCBB67C2B4}.Debug|Any CPU.ActiveCfg = Debug|Any CPU
		{3E96D035-4A31-4A6F-9396-96DCBB67C2B4}.Debug|Any CPU.Build.0 = Debug|Any CPU
		{3E96D035-4A31-4A6F-9396-96DCBB67C2B4}.Release|Any CPU.ActiveCfg = Release|Any CPU
		{3E96D035-4A31-4A6F-9396-96DCBB67C2B4}.Release|Any CPU.Build.0 = Release|Any CPU
		{4F20E90D-8292-469F-845B-69865679B6D7}.Debug|Any CPU.ActiveCfg = Debug|Any CPU
		{4F20E90D-8292-469F-845B-69865679B6D7}.Debug|Any CPU.Build.0 = Debug|Any CPU
		{4F20E90D-8292-469F-845B-69865679B6D7}.Release|Any CPU.ActiveCfg = Release|Any CPU
		{4F20E90D-8292-469F-845B-69865679B6D7}.Release|Any CPU.Build.0 = Release|Any CPU
		{27AC2A01-395F-4D67-A7FF-6110231CC40B}.Debug|Any CPU.ActiveCfg = Debug|Any CPU
		{27AC2A01-395F-4D67-A7FF-6110231CC40B}.Debug|Any CPU.Build.0 = Debug|Any CPU
		{27AC2A01-395F-4D67-A7FF-6110231CC40B}.Release|Any CPU.ActiveCfg = Release|Any CPU
		{27AC2A01-395F-4D67-A7FF-6110231CC40B}.Release|Any CPU.Build.0 = Release|Any CPU
		{93EBCDD3-8E94-48C7-99D2-531EB14200E5}.Debug|Any CPU.ActiveCfg = Debug|Any CPU
		{93EBCDD3-8E94-48C7-99D2-531EB14200E5}.Debug|Any CPU.Build.0 = Debug|Any CPU
		{93EBCDD3-8E94-48C7-99D2-531EB14200E5}.Release|Any CPU.ActiveCfg = Release|Any CPU
		{93EBCDD3-8E94-48C7-99D2-531EB14200E5}.Release|Any CPU.Build.0 = Release|Any CPU
		{6B79F843-67EA-4F08-8EAB-B1D6E28767A2}.Debug|Any CPU.ActiveCfg = Debug|Any CPU
		{6B79F843-67EA-4F08-8EAB-B1D6E28767A2}.Debug|Any CPU.Build.0 = Debug|Any CPU
		{6B79F843-67EA-4F08-8EAB-B1D6E28767A2}.Release|Any CPU.ActiveCfg = Release|Any CPU
		{6B79F843-67EA-4F08-8EAB-B1D6E28767A2}.Release|Any CPU.Build.0 = Release|Any CPU
		{A8EFB7C6-FE2E-4E82-BAC6-C3E4FC89D5BA}.Debug|Any CPU.ActiveCfg = Debug|Any CPU
		{A8EFB7C6-FE2E-4E82-BAC6-C3E4FC89D5BA}.Debug|Any CPU.Build.0 = Debug|Any CPU
		{A8EFB7C6-FE2E-4E82-BAC6-C3E4FC89D5BA}.Release|Any CPU.ActiveCfg = Release|Any CPU
		{A8EFB7C6-FE2E-4E82-BAC6-C3E4FC89D5BA}.Release|Any CPU.Build.0 = Release|Any CPU
		{B7DFFF14-E839-40A0-85D6-415340A355A6}.Debug|Any CPU.ActiveCfg = Debug|Any CPU
		{B7DFFF14-E839-40A0-85D6-415340A355A6}.Debug|Any CPU.Build.0 = Debug|Any CPU
		{B7DFFF14-E839-40A0-85D6-415340A355A6}.Release|Any CPU.ActiveCfg = Release|Any CPU
		{B7DFFF14-E839-40A0-85D6-415340A355A6}.Release|Any CPU.Build.0 = Release|Any CPU
		{0352B167-F155-494E-AABC-26A12AE8E59B}.Debug|Any CPU.ActiveCfg = Debug|Any CPU
		{0352B167-F155-494E-AABC-26A12AE8E59B}.Debug|Any CPU.Build.0 = Debug|Any CPU
		{0352B167-F155-494E-AABC-26A12AE8E59B}.Release|Any CPU.ActiveCfg = Release|Any CPU
		{0352B167-F155-494E-AABC-26A12AE8E59B}.Release|Any CPU.Build.0 = Release|Any CPU
		{DEDB2A79-2153-4E4C-8AB9-A77A3D917056}.Debug|Any CPU.ActiveCfg = Debug|Any CPU
		{DEDB2A79-2153-4E4C-8AB9-A77A3D917056}.Debug|Any CPU.Build.0 = Debug|Any CPU
		{DEDB2A79-2153-4E4C-8AB9-A77A3D917056}.Release|Any CPU.ActiveCfg = Release|Any CPU
		{DEDB2A79-2153-4E4C-8AB9-A77A3D917056}.Release|Any CPU.Build.0 = Release|Any CPU
		{A9C57093-2C5F-428D-8C41-AA3AB89BE0D5}.Debug|Any CPU.ActiveCfg = Debug|Any CPU
		{A9C57093-2C5F-428D-8C41-AA3AB89BE0D5}.Debug|Any CPU.Build.0 = Debug|Any CPU
		{A9C57093-2C5F-428D-8C41-AA3AB89BE0D5}.Release|Any CPU.ActiveCfg = Release|Any CPU
		{A9C57093-2C5F-428D-8C41-AA3AB89BE0D5}.Release|Any CPU.Build.0 = Release|Any CPU
		{3650FC66-1CAA-4585-9D28-B03E0A59C806}.Debug|Any CPU.ActiveCfg = Debug|Any CPU
		{3650FC66-1CAA-4585-9D28-B03E0A59C806}.Debug|Any CPU.Build.0 = Debug|Any CPU
		{3650FC66-1CAA-4585-9D28-B03E0A59C806}.Release|Any CPU.ActiveCfg = Release|Any CPU
		{3650FC66-1CAA-4585-9D28-B03E0A59C806}.Release|Any CPU.Build.0 = Release|Any CPU
	EndGlobalSection
	GlobalSection(SolutionProperties) = preSolution
		HideSolutionNode = FALSE
	EndGlobalSection
	GlobalSection(NestedProjects) = preSolution
		{D82F2288-ECC7-478C-B528-604721341AFB} = {448EC653-3406-4594-9E93-503AAF3D1436}
		{FD67AA57-6B1C-4006-9E6A-5DA443DDF38C} = {AD1BBFF6-7D3F-4284-9942-CAA4293AF005}
		{2DDFE0BC-8CFF-4079-8777-3D02409F50BC} = {FD67AA57-6B1C-4006-9E6A-5DA443DDF38C}
		{4F5411C5-493F-467A-85B0-3FE9F2B48D0E} = {FD67AA57-6B1C-4006-9E6A-5DA443DDF38C}
		{4E0F575C-312C-46F0-B7B2-75EFF84898B3} = {FD67AA57-6B1C-4006-9E6A-5DA443DDF38C}
		{7691222E-4C13-4B6C-AA23-BD9E29D5832D} = {FD67AA57-6B1C-4006-9E6A-5DA443DDF38C}
		{448EC653-3406-4594-9E93-503AAF3D1436} = {AD1BBFF6-7D3F-4284-9942-CAA4293AF005}
		{5E6CC129-F85A-4999-9380-0DBC37812F84} = {FD67AA57-6B1C-4006-9E6A-5DA443DDF38C}
		{96C48CAD-5F64-428C-978F-FE8CAF2BF91C} = {FD67AA57-6B1C-4006-9E6A-5DA443DDF38C}
		{2CF6B079-4148-4FB6-B124-69B7EA17509F} = {448EC653-3406-4594-9E93-503AAF3D1436}
		{76BE57BA-CE31-43B2-8C52-488D361A8C71} = {448EC653-3406-4594-9E93-503AAF3D1436}
		{50195041-B4D9-472C-80CC-71F2FB3E2EA1} = {448EC653-3406-4594-9E93-503AAF3D1436}
		{D55ED541-CD67-42F6-87B5-09CC24284DF2} = {448EC653-3406-4594-9E93-503AAF3D1436}
		{3E96D035-4A31-4A6F-9396-96DCBB67C2B4} = {448EC653-3406-4594-9E93-503AAF3D1436}
		{4F20E90D-8292-469F-845B-69865679B6D7} = {448EC653-3406-4594-9E93-503AAF3D1436}
		{27AC2A01-395F-4D67-A7FF-6110231CC40B} = {448EC653-3406-4594-9E93-503AAF3D1436}
		{93EBCDD3-8E94-48C7-99D2-531EB14200E5} = {448EC653-3406-4594-9E93-503AAF3D1436}
		{6B79F843-67EA-4F08-8EAB-B1D6E28767A2} = {448EC653-3406-4594-9E93-503AAF3D1436}
		{A8EFB7C6-FE2E-4E82-BAC6-C3E4FC89D5BA} = {448EC653-3406-4594-9E93-503AAF3D1436}
		{B7DFFF14-E839-40A0-85D6-415340A355A6} = {448EC653-3406-4594-9E93-503AAF3D1436}
		{0352B167-F155-494E-AABC-26A12AE8E59B} = {448EC653-3406-4594-9E93-503AAF3D1436}
		{DEDB2A79-2153-4E4C-8AB9-A77A3D917056} = {FD67AA57-6B1C-4006-9E6A-5DA443DDF38C}
		{A9C57093-2C5F-428D-8C41-AA3AB89BE0D5} = {448EC653-3406-4594-9E93-503AAF3D1436}
		{B17E1469-A3E7-45CC-8288-F6FBDE3A0CBC} = {B48566AF-A0CF-4308-B901-27FA10C558B7}
		{3650FC66-1CAA-4585-9D28-B03E0A59C806} = {B17E1469-A3E7-45CC-8288-F6FBDE3A0CBC}
	EndGlobalSection
	GlobalSection(ExtensibilityGlobals) = postSolution
		SolutionGuid = {7BFC88FA-3AEE-43E6-BF0E-C6FC9283889D}
	EndGlobalSection
EndGlobal
