
Microsoft Visual Studio Solution File, Format Version 12.00
# Visual Studio Version 16
VisualStudioVersion = 16.0.29519.87
MinimumVisualStudioVersion = 10.0.40219.1
Project("{9A19103F-16F7-4668-BE54-9A1E7A4F7556}") = "Einfuehrung", "Einfuehrung\Einfuehrung.csproj", "{D82F2288-ECC7-478C-B528-604721341AFB}"
EndProject
Project("{FAE04EC0-301F-11D3-BF4B-00C04F79EFBC}") = "TicTacToe", "TicTacToe\TicTacToe.csproj", "{F71ED74A-9385-4656-89ED-72ECA55DE830}"
EndProject
Global
	GlobalSection(SolutionConfigurationPlatforms) = preSolution
		Debug|Any CPU = Debug|Any CPU
		Release|Any CPU = Release|Any CPU
	EndGlobalSection
	GlobalSection(ProjectConfigurationPlatforms) = postSolution
		{D82F2288-ECC7-478C-B528-604721341AFB}.Debug|Any CPU.ActiveCfg = Debug|Any CPU
		{D82F2288-ECC7-478C-B528-604721341AFB}.Debug|Any CPU.Build.0 = Debug|Any CPU
		{D82F2288-ECC7-478C-B528-604721341AFB}.Release|Any CPU.ActiveCfg = Release|Any CPU
		{D82F2288-ECC7-478C-B528-604721341AFB}.Release|Any CPU.Build.0 = Release|Any CPU
		{F71ED74A-9385-4656-89ED-72ECA55DE830}.Debug|Any CPU.ActiveCfg = Debug|Any CPU
		{F71ED74A-9385-4656-89ED-72ECA55DE830}.Debug|Any CPU.Build.0 = Debug|Any CPU
		{F71ED74A-9385-4656-89ED-72ECA55DE830}.Release|Any CPU.ActiveCfg = Release|Any CPU
		{F71ED74A-9385-4656-89ED-72ECA55DE830}.Release|Any CPU.Build.0 = Release|Any CPU
	EndGlobalSection
	GlobalSection(SolutionProperties) = preSolution
		HideSolutionNode = FALSE
	EndGlobalSection
	GlobalSection(ExtensibilityGlobals) = postSolution
		SolutionGuid = {7BFC88FA-3AEE-43E6-BF0E-C6FC9283889D}
	EndGlobalSection
EndGlobal
